// !$*UTF8*$!
{
	archiveVersion = 1;
	classes = {
	};
	objectVersion = 50;
	objects = {

/* Begin PBXBuildFile section */
		2ECDCF9E20CC114D002D9A17 /* main.cpp in Sources */ = {isa = PBXBuildFile; fileRef = 2ECDCF9D20CC114D002D9A17 /* main.cpp */; };
		2ECDCFA820CC1401002D9A17 /* TextDisplay.cpp in Sources */ = {isa = PBXBuildFile; fileRef = 2ECDCFA620CC1401002D9A17 /* TextDisplay.cpp */; };
		2ECDCFAB20CC143A002D9A17 /* GraphicalDisplay.cpp in Sources */ = {isa = PBXBuildFile; fileRef = 2ECDCFA920CC143A002D9A17 /* GraphicalDisplay.cpp */; };
		2ECDCFAF20CC168E002D9A17 /* Shape.cpp in Sources */ = {isa = PBXBuildFile; fileRef = 2ECDCFAD20CC168E002D9A17 /* Shape.cpp */; };
		2ECDCFC720CC2922002D9A17 /* Triangle.cpp in Sources */ = {isa = PBXBuildFile; fileRef = 2ECDCFBF20CC2922002D9A17 /* Triangle.cpp */; };
		2ECDCFC820CC2922002D9A17 /* Parallelogram.cpp in Sources */ = {isa = PBXBuildFile; fileRef = 2ECDCFC320CC2922002D9A17 /* Parallelogram.cpp */; };
		2ECDCFCA20CC2922002D9A17 /* Circle.cpp in Sources */ = {isa = PBXBuildFile; fileRef = 2ECDCFC620CC2922002D9A17 /* Circle.cpp */; };
		2ECDCFD020CC3227002D9A17 /* ComplexShape.cpp in Sources */ = {isa = PBXBuildFile; fileRef = 2ECDCFCF20CC3227002D9A17 /* ComplexShape.cpp */; };
/* End PBXBuildFile section */

/* Begin PBXCopyFilesBuildPhase section */
		2ECDCF9820CC114D002D9A17 /* CopyFiles */ = {
			isa = PBXCopyFilesBuildPhase;
			buildActionMask = 2147483647;
			dstPath = /usr/share/man/man1/;
			dstSubfolderSpec = 0;
			files = (
			);
			runOnlyForDeploymentPostprocessing = 1;
		};
/* End PBXCopyFilesBuildPhase section */

/* Begin PBXFileReference section */
		2ECDCF9A20CC114D002D9A17 /* Projekt_MP */ = {isa = PBXFileReference; explicitFileType = "compiled.mach-o.executable"; includeInIndex = 0; path = Projekt_MP; sourceTree = BUILT_PRODUCTS_DIR; };
		2ECDCF9D20CC114D002D9A17 /* main.cpp */ = {isa = PBXFileReference; lastKnownFileType = sourcecode.cpp.cpp; path = main.cpp; sourceTree = "<group>"; };
		2ECDCFA620CC1401002D9A17 /* TextDisplay.cpp */ = {isa = PBXFileReference; lastKnownFileType = sourcecode.cpp.cpp; path = TextDisplay.cpp; sourceTree = "<group>"; };
		2ECDCFA720CC1401002D9A17 /* TextDisplay.h */ = {isa = PBXFileReference; lastKnownFileType = sourcecode.c.h; path = TextDisplay.h; sourceTree = "<group>"; };
		2ECDCFA920CC143A002D9A17 /* GraphicalDisplay.cpp */ = {isa = PBXFileReference; lastKnownFileType = sourcecode.cpp.cpp; path = GraphicalDisplay.cpp; sourceTree = "<group>"; };
		2ECDCFAA20CC143A002D9A17 /* GraphicalDisplay.h */ = {isa = PBXFileReference; lastKnownFileType = sourcecode.c.h; path = GraphicalDisplay.h; sourceTree = "<group>"; };
		2ECDCFAC20CC148D002D9A17 /* Display.h */ = {isa = PBXFileReference; lastKnownFileType = sourcecode.c.h; path = Display.h; sourceTree = "<group>"; };
		2ECDCFAD20CC168E002D9A17 /* Shape.cpp */ = {isa = PBXFileReference; lastKnownFileType = sourcecode.cpp.cpp; path = Shape.cpp; sourceTree = "<group>"; };
		2ECDCFAE20CC168E002D9A17 /* Shape.h */ = {isa = PBXFileReference; lastKnownFileType = sourcecode.c.h; path = Shape.h; sourceTree = "<group>"; };
		2ECDCFBF20CC2922002D9A17 /* Triangle.cpp */ = {isa = PBXFileReference; fileEncoding = 4; lastKnownFileType = sourcecode.cpp.cpp; path = Triangle.cpp; sourceTree = "<group>"; };
		2ECDCFC020CC2922002D9A17 /* Parallelogram.h */ = {isa = PBXFileReference; fileEncoding = 4; lastKnownFileType = sourcecode.c.h; path = Parallelogram.h; sourceTree = "<group>"; };
		2ECDCFC220CC2922002D9A17 /* Circle.h */ = {isa = PBXFileReference; fileEncoding = 4; lastKnownFileType = sourcecode.c.h; path = Circle.h; sourceTree = "<group>"; };
		2ECDCFC320CC2922002D9A17 /* Parallelogram.cpp */ = {isa = PBXFileReference; fileEncoding = 4; lastKnownFileType = sourcecode.cpp.cpp; path = Parallelogram.cpp; sourceTree = "<group>"; };
		2ECDCFC420CC2922002D9A17 /* Triangle.h */ = {isa = PBXFileReference; fileEncoding = 4; lastKnownFileType = sourcecode.c.h; path = Triangle.h; sourceTree = "<group>"; };
		2ECDCFC620CC2922002D9A17 /* Circle.cpp */ = {isa = PBXFileReference; fileEncoding = 4; lastKnownFileType = sourcecode.cpp.cpp; path = Circle.cpp; sourceTree = "<group>"; };
		2ECDCFCE20CC3227002D9A17 /* ComplexShape.h */ = {isa = PBXFileReference; fileEncoding = 4; lastKnownFileType = sourcecode.c.h; path = ComplexShape.h; sourceTree = "<group>"; };
		2ECDCFCF20CC3227002D9A17 /* ComplexShape.cpp */ = {isa = PBXFileReference; fileEncoding = 4; lastKnownFileType = sourcecode.cpp.cpp; path = ComplexShape.cpp; sourceTree = "<group>"; };
/* End PBXFileReference section */

/* Begin PBXFrameworksBuildPhase section */
		2ECDCF9720CC114D002D9A17 /* Frameworks */ = {
			isa = PBXFrameworksBuildPhase;
			buildActionMask = 2147483647;
			files = (
			);
			runOnlyForDeploymentPostprocessing = 0;
		};
/* End PBXFrameworksBuildPhase section */

/* Begin PBXGroup section */
		2ECDCF9120CC114D002D9A17 = {
			isa = PBXGroup;
			children = (
				2ECDCF9C20CC114D002D9A17 /* Projekt_MP */,
				2ECDCF9B20CC114D002D9A17 /* Products */,
			);
			sourceTree = "<group>";
		};
		2ECDCF9B20CC114D002D9A17 /* Products */ = {
			isa = PBXGroup;
			children = (
				2ECDCF9A20CC114D002D9A17 /* Projekt_MP */,
			);
			name = Products;
			sourceTree = "<group>";
		};
		2ECDCF9C20CC114D002D9A17 /* Projekt_MP */ = {
			isa = PBXGroup;
			children = (
				2ECDCF9D20CC114D002D9A17 /* main.cpp */,
				2ECDCFB120CC17D6002D9A17 /* Display */,
				2ECDCFBE20CC20D5002D9A17 /* Shape */,
			);
			path = Projekt_MP;
			sourceTree = "<group>";
		};
		2ECDCFB120CC17D6002D9A17 /* Display */ = {
			isa = PBXGroup;
			children = (
				2ECDCFA620CC1401002D9A17 /* TextDisplay.cpp */,
				2ECDCFA720CC1401002D9A17 /* TextDisplay.h */,
				2ECDCFA920CC143A002D9A17 /* GraphicalDisplay.cpp */,
				2ECDCFAA20CC143A002D9A17 /* GraphicalDisplay.h */,
				2ECDCFAC20CC148D002D9A17 /* Display.h */,
			);
			name = Display;
			path = "New Group";
			sourceTree = "<group>";
		};
		2ECDCFBE20CC20D5002D9A17 /* Shape */ = {
			isa = PBXGroup;
			children = (
				2ECDCFCF20CC3227002D9A17 /* ComplexShape.cpp */,
				2ECDCFCE20CC3227002D9A17 /* ComplexShape.h */,
				2ECDCFC620CC2922002D9A17 /* Circle.cpp */,
				2ECDCFC220CC2922002D9A17 /* Circle.h */,
				2ECDCFC320CC2922002D9A17 /* Parallelogram.cpp */,
				2ECDCFC020CC2922002D9A17 /* Parallelogram.h */,
				2ECDCFBF20CC2922002D9A17 /* Triangle.cpp */,
				2ECDCFC420CC2922002D9A17 /* Triangle.h */,
				2ECDCFAD20CC168E002D9A17 /* Shape.cpp */,
				2ECDCFAE20CC168E002D9A17 /* Shape.h */,
			);
			path = Shape;
			sourceTree = "<group>";
		};
/* End PBXGroup section */

/* Begin PBXNativeTarget section */
		2ECDCF9920CC114D002D9A17 /* Projekt_MP */ = {
			isa = PBXNativeTarget;
			buildConfigurationList = 2ECDCFA120CC114D002D9A17 /* Build configuration list for PBXNativeTarget "Projekt_MP" */;
			buildPhases = (
				2ECDCF9620CC114D002D9A17 /* Sources */,
				2ECDCF9720CC114D002D9A17 /* Frameworks */,
				2ECDCF9820CC114D002D9A17 /* CopyFiles */,
			);
			buildRules = (
			);
			dependencies = (
			);
			name = Projekt_MP;
			productName = Projekt_MP;
			productReference = 2ECDCF9A20CC114D002D9A17 /* Projekt_MP */;
			productType = "com.apple.product-type.tool";
		};
/* End PBXNativeTarget section */

/* Begin PBXProject section */
		2ECDCF9220CC114D002D9A17 /* Project object */ = {
			isa = PBXProject;
			attributes = {
				LastUpgradeCheck = 0940;
				ORGANIZATIONNAME = "Wojtek Filipowicz";
				TargetAttributes = {
					2ECDCF9920CC114D002D9A17 = {
						CreatedOnToolsVersion = 9.4;
					};
				};
			};
			buildConfigurationList = 2ECDCF9520CC114D002D9A17 /* Build configuration list for PBXProject "Projekt_MP" */;
			compatibilityVersion = "Xcode 9.3";
			developmentRegion = en;
			hasScannedForEncodings = 0;
			knownRegions = (
				en,
			);
			mainGroup = 2ECDCF9120CC114D002D9A17;
			productRefGroup = 2ECDCF9B20CC114D002D9A17 /* Products */;
			projectDirPath = "";
			projectRoot = "";
			targets = (
				2ECDCF9920CC114D002D9A17 /* Projekt_MP */,
			);
		};
/* End PBXProject section */

/* Begin PBXSourcesBuildPhase section */
		2ECDCF9620CC114D002D9A17 /* Sources */ = {
			isa = PBXSourcesBuildPhase;
			buildActionMask = 2147483647;
			files = (
				2ECDCF9E20CC114D002D9A17 /* main.cpp in Sources */,
				2ECDCFC820CC2922002D9A17 /* Parallelogram.cpp in Sources */,
				2ECDCFD020CC3227002D9A17 /* ComplexShape.cpp in Sources */,
				2ECDCFAB20CC143A002D9A17 /* GraphicalDisplay.cpp in Sources */,
				2ECDCFA820CC1401002D9A17 /* TextDisplay.cpp in Sources */,
				2ECDCFCA20CC2922002D9A17 /* Circle.cpp in Sources */,
				2ECDCFC720CC2922002D9A17 /* Triangle.cpp in Sources */,
				2ECDCFAF20CC168E002D9A17 /* Shape.cpp in Sources */,
			);
			runOnlyForDeploymentPostprocessing = 0;
		};
/* End PBXSourcesBuildPhase section */

/* Begin XCBuildConfiguration section */
		2ECDCF9F20CC114D002D9A17 /* Debug */ = {
			isa = XCBuildConfiguration;
			buildSettings = {
				ALWAYS_SEARCH_USER_PATHS = NO;
				CLANG_ANALYZER_NONNULL = YES;
				CLANG_ANALYZER_NUMBER_OBJECT_CONVERSION = YES_AGGRESSIVE;
				CLANG_CXX_LANGUAGE_STANDARD = "gnu++14";
				CLANG_CXX_LIBRARY = "libc++";
				CLANG_ENABLE_MODULES = YES;
				CLANG_ENABLE_OBJC_ARC = YES;
				CLANG_ENABLE_OBJC_WEAK = YES;
				CLANG_WARN_BLOCK_CAPTURE_AUTORELEASING = YES;
				CLANG_WARN_BOOL_CONVERSION = YES;
				CLANG_WARN_COMMA = YES;
				CLANG_WARN_CONSTANT_CONVERSION = YES;
				CLANG_WARN_DEPRECATED_OBJC_IMPLEMENTATIONS = YES;
				CLANG_WARN_DIRECT_OBJC_ISA_USAGE = YES_ERROR;
				CLANG_WARN_DOCUMENTATION_COMMENTS = YES;
				CLANG_WARN_EMPTY_BODY = YES;
				CLANG_WARN_ENUM_CONVERSION = YES;
				CLANG_WARN_INFINITE_RECURSION = YES;
				CLANG_WARN_INT_CONVERSION = YES;
				CLANG_WARN_NON_LITERAL_NULL_CONVERSION = YES;
				CLANG_WARN_OBJC_IMPLICIT_RETAIN_SELF = YES;
				CLANG_WARN_OBJC_LITERAL_CONVERSION = YES;
				CLANG_WARN_OBJC_ROOT_CLASS = YES_ERROR;
				CLANG_WARN_RANGE_LOOP_ANALYSIS = YES;
				CLANG_WARN_STRICT_PROTOTYPES = YES;
				CLANG_WARN_SUSPICIOUS_MOVE = YES;
				CLANG_WARN_UNGUARDED_AVAILABILITY = YES_AGGRESSIVE;
				CLANG_WARN_UNREACHABLE_CODE = YES;
				CLANG_WARN__DUPLICATE_METHOD_MATCH = YES;
				CODE_SIGN_IDENTITY = "-";
				COPY_PHASE_STRIP = NO;
				DEBUG_INFORMATION_FORMAT = dwarf;
				ENABLE_STRICT_OBJC_MSGSEND = YES;
				ENABLE_TESTABILITY = YES;
				GCC_C_LANGUAGE_STANDARD = gnu11;
				GCC_DYNAMIC_NO_PIC = NO;
				GCC_NO_COMMON_BLOCKS = YES;
				GCC_OPTIMIZATION_LEVEL = 0;
				GCC_PREPROCESSOR_DEFINITIONS = (
					"DEBUG=1",
					"$(inherited)",
				);
				GCC_WARN_64_TO_32_BIT_CONVERSION = YES;
				GCC_WARN_ABOUT_RETURN_TYPE = YES_ERROR;
				GCC_WARN_UNDECLARED_SELECTOR = YES;
				GCC_WARN_UNINITIALIZED_AUTOS = YES_AGGRESSIVE;
				GCC_WARN_UNUSED_FUNCTION = YES;
				GCC_WARN_UNUSED_VARIABLE = YES;
				MACOSX_DEPLOYMENT_TARGET = 10.13;
				MTL_ENABLE_DEBUG_INFO = YES;
				ONLY_ACTIVE_ARCH = YES;
				SDKROOT = macosx;
			};
			name = Debug;
		};
		2ECDCFA020CC114D002D9A17 /* Release */ = {
			isa = XCBuildConfiguration;
			buildSettings = {
				ALWAYS_SEARCH_USER_PATHS = NO;
				CLANG_ANALYZER_NONNULL = YES;
				CLANG_ANALYZER_NUMBER_OBJECT_CONVERSION = YES_AGGRESSIVE;
				CLANG_CXX_LANGUAGE_STANDARD = "gnu++14";
				CLANG_CXX_LIBRARY = "libc++";
				CLANG_ENABLE_MODULES = YES;
				CLANG_ENABLE_OBJC_ARC = YES;
				CLANG_ENABLE_OBJC_WEAK = YES;
				CLANG_WARN_BLOCK_CAPTURE_AUTORELEASING = YES;
				CLANG_WARN_BOOL_CONVERSION = YES;
				CLANG_WARN_COMMA = YES;
				CLANG_WARN_CONSTANT_CONVERSION = YES;
				CLANG_WARN_DEPRECATED_OBJC_IMPLEMENTATIONS = YES;
				CLANG_WARN_DIRECT_OBJC_ISA_USAGE = YES_ERROR;
				CLANG_WARN_DOCUMENTATION_COMMENTS = YES;
				CLANG_WARN_EMPTY_BODY = YES;
				CLANG_WARN_ENUM_CONVERSION = YES;
				CLANG_WARN_INFINITE_RECURSION = YES;
				CLANG_WARN_INT_CONVERSION = YES;
				CLANG_WARN_NON_LITERAL_NULL_CONVERSION = YES;
				CLANG_WARN_OBJC_IMPLICIT_RETAIN_SELF = YES;
				CLANG_WARN_OBJC_LITERAL_CONVERSION = YES;
				CLANG_WARN_OBJC_ROOT_CLASS = YES_ERROR;
				CLANG_WARN_RANGE_LOOP_ANALYSIS = YES;
				CLANG_WARN_STRICT_PROTOTYPES = YES;
				CLANG_WARN_SUSPICIOUS_MOVE = YES;
				CLANG_WARN_UNGUARDED_AVAILABILITY = YES_AGGRESSIVE;
				CLANG_WARN_UNREACHABLE_CODE = YES;
				CLANG_WARN__DUPLICATE_METHOD_MATCH = YES;
				CODE_SIGN_IDENTITY = "-";
				COPY_PHASE_STRIP = NO;
				DEBUG_INFORMATION_FORMAT = "dwarf-with-dsym";
				ENABLE_NS_ASSERTIONS = NO;
				ENABLE_STRICT_OBJC_MSGSEND = YES;
				GCC_C_LANGUAGE_STANDARD = gnu11;
				GCC_NO_COMMON_BLOCKS = YES;
				GCC_WARN_64_TO_32_BIT_CONVERSION = YES;
				GCC_WARN_ABOUT_RETURN_TYPE = YES_ERROR;
				GCC_WARN_UNDECLARED_SELECTOR = YES;
				GCC_WARN_UNINITIALIZED_AUTOS = YES_AGGRESSIVE;
				GCC_WARN_UNUSED_FUNCTION = YES;
				GCC_WARN_UNUSED_VARIABLE = YES;
				MACOSX_DEPLOYMENT_TARGET = 10.13;
				MTL_ENABLE_DEBUG_INFO = NO;
				SDKROOT = macosx;
			};
			name = Release;
		};
		2ECDCFA220CC114D002D9A17 /* Debug */ = {
			isa = XCBuildConfiguration;
			buildSettings = {
				CODE_SIGN_STYLE = Automatic;
				PRODUCT_NAME = "$(TARGET_NAME)";
			};
			name = Debug;
		};
		2ECDCFA320CC114D002D9A17 /* Release */ = {
			isa = XCBuildConfiguration;
			buildSettings = {
				CODE_SIGN_STYLE = Automatic;
				PRODUCT_NAME = "$(TARGET_NAME)";
			};
			name = Release;
		};
/* End XCBuildConfiguration section */

/* Begin XCConfigurationList section */
		2ECDCF9520CC114D002D9A17 /* Build configuration list for PBXProject "Projekt_MP" */ = {
			isa = XCConfigurationList;
			buildConfigurations = (
				2ECDCF9F20CC114D002D9A17 /* Debug */,
				2ECDCFA020CC114D002D9A17 /* Release */,
			);
			defaultConfigurationIsVisible = 0;
			defaultConfigurationName = Release;
		};
		2ECDCFA120CC114D002D9A17 /* Build configuration list for PBXNativeTarget "Projekt_MP" */ = {
			isa = XCConfigurationList;
			buildConfigurations = (
				2ECDCFA220CC114D002D9A17 /* Debug */,
				2ECDCFA320CC114D002D9A17 /* Release */,
			);
			defaultConfigurationIsVisible = 0;
			defaultConfigurationName = Release;
		};
/* End XCConfigurationList section */
	};
	rootObject = 2ECDCF9220CC114D002D9A17 /* Project object */;
}
